{
  "version": 4,
  "terraform_version": "1.0.5",
  "serial": 41,
  "lineage": "6bc6e555-c206-f891-1a2a-ed7b46cb7119",
  "outputs": {
    "kubernetes_cluster_host": {
      "value": "34.65.48.59",
      "type": "string"
    },
    "kubernetes_cluster_name": {
      "value": "gke-sunrise-devops",
      "type": "string"
    },
    "project_id": {
      "value": "sunrise-devops",
      "type": "string"
    },
    "region": {
      "value": "europe-west6",
      "type": "string"
    }
  },
  "resources": [
    {
      "mode": "managed",
      "type": "google_compute_network",
      "name": "vpc",
      "provider": "provider[\"registry.terraform.io/hashicorp/google\"]",
      "instances": [
        {
          "schema_version": 0,
          "attributes": {
            "auto_create_subnetworks": true,
            "delete_default_routes_on_create": false,
            "description": "",
            "gateway_ipv4": "",
            "id": "projects/sunrise-devops/global/networks/vpc-sunrise-devops",
            "mtu": 0,
            "name": "vpc-sunrise-devops",
            "project": "sunrise-devops",
            "routing_mode": "REGIONAL",
            "self_link": "https://www.googleapis.com/compute/v1/projects/sunrise-devops/global/networks/vpc-sunrise-devops",
            "timeouts": null
          },
          "sensitive_attributes": [],
          "private": "eyJlMmJmYjczMC1lY2FhLTExZTYtOGY4OC0zNDM2M2JjN2M0YzAiOnsiY3JlYXRlIjoyNDAwMDAwMDAwMDAsImRlbGV0ZSI6MjQwMDAwMDAwMDAwLCJ1cGRhdGUiOjI0MDAwMDAwMDAwMH19"
        }
      ]
    },
    {
      "mode": "managed",
      "type": "google_compute_subnetwork",
      "name": "subnet",
      "provider": "provider[\"registry.terraform.io/hashicorp/google\"]",
      "instances": [
        {
          "schema_version": 0,
          "attributes": {
            "creation_timestamp": "2021-08-22T10:28:19.129-07:00",
            "description": "",
            "fingerprint": null,
            "gateway_address": "10.0.0.1",
            "id": "projects/sunrise-devops/regions/europe-west6/subnetworks/subnet-sunrise-devops",
            "ip_cidr_range": "10.0.0.0/24",
            "log_config": [],
            "name": "subnet-sunrise-devops",
            "network": "https://www.googleapis.com/compute/v1/projects/sunrise-devops/global/networks/vpc-sunrise-devops",
            "private_ip_google_access": false,
            "private_ipv6_google_access": "DISABLE_GOOGLE_ACCESS",
            "project": "sunrise-devops",
            "region": "europe-west6",
            "secondary_ip_range": [],
            "self_link": "https://www.googleapis.com/compute/v1/projects/sunrise-devops/regions/europe-west6/subnetworks/subnet-sunrise-devops",
            "timeouts": null
          },
          "sensitive_attributes": [],
          "private": "eyJlMmJmYjczMC1lY2FhLTExZTYtOGY4OC0zNDM2M2JjN2M0YzAiOnsiY3JlYXRlIjozNjAwMDAwMDAwMDAsImRlbGV0ZSI6MzYwMDAwMDAwMDAwLCJ1cGRhdGUiOjM2MDAwMDAwMDAwMH19",
          "dependencies": [
            "google_compute_network.vpc"
          ]
        }
      ]
    },
    {
      "mode": "managed",
      "type": "google_container_cluster",
      "name": "primary",
      "provider": "provider[\"registry.terraform.io/hashicorp/google\"]",
      "instances": [
        {
          "schema_version": 1,
          "attributes": {
            "addons_config": [
              {
                "cloudrun_config": [],
                "horizontal_pod_autoscaling": [],
                "http_load_balancing": [],
                "network_policy_config": [
                  {
                    "disabled": true
                  }
                ]
              }
            ],
            "authenticator_groups_config": [],
            "cluster_autoscaling": [
              {
                "auto_provisioning_defaults": [],
                "enabled": false,
                "resource_limits": []
              }
            ],
            "cluster_ipv4_cidr": "10.32.0.0/14",
            "database_encryption": [
              {
                "key_name": "",
                "state": "DECRYPTED"
              }
            ],
            "datapath_provider": "",
            "default_max_pods_per_node": null,
            "default_snat_status": [
              {
                "disabled": false
              }
            ],
            "description": "",
            "enable_autopilot": false,
            "enable_binary_authorization": false,
            "enable_intranode_visibility": false,
            "enable_kubernetes_alpha": false,
            "enable_legacy_abac": false,
            "enable_shielded_nodes": false,
            "enable_tpu": false,
            "endpoint": "34.65.48.59",
            "id": "projects/sunrise-devops/locations/europe-west6/clusters/gke-sunrise-devops",
            "initial_node_count": 1,
            "instance_group_urls": [
              "https://www.googleapis.com/compute/v1/projects/sunrise-devops/zones/europe-west6-a/instanceGroups/gke-gke-sunrise-devo-node-pool-gke-su-a6e49e89-grp"
            ],
            "ip_allocation_policy": [],
            "label_fingerprint": "a9dc16a7",
            "location": "europe-west6",
            "logging_service": "logging.googleapis.com/kubernetes",
            "maintenance_policy": [],
            "master_auth": [
              {
                "client_certificate": "",
                "client_certificate_config": [
                  {
                    "issue_client_certificate": false
                  }
                ],
                "client_key": "",
                "cluster_ca_certificate": "LS0tLS1CRUdJTiBDRVJUSUZJQ0FURS0tLS0tCk1JSURLakNDQWhLZ0F3SUJBZ0lRVFZHTzM4bVJRYW90clg2M2JVZDRnREFOQmdrcWhraUc5dzBCQVFzRkFEQXYKTVMwd0t3WURWUVFERXlSaE4yUmhaREZtTWkwM1pESTJMVFJpWXpjdFltRmxaaTA0TVRVeVpHTXlNR0kyWXpBdwpIaGNOTWpFd09ESXlNVFl5T0RReFdoY05Nall3T0RJeE1UY3lPRFF4V2pBdk1TMHdLd1lEVlFRREV5UmhOMlJoClpERm1NaTAzWkRJMkxUUmlZemN0WW1GbFppMDRNVFV5WkdNeU1HSTJZekF3Z2dFaU1BMEdDU3FHU0liM0RRRUIKQVFVQUE0SUJEd0F3Z2dFS0FvSUJBUURsZHUwTWhucytocmlWazIvTHFSK3AyaVlOSHNzUUZlQVZCQSs5anNXcApxNnVjMDVQdndJQjlVM2FXaEk1L0hjalF5S2RhN1ZSdk9tcTM2SkJUTDNrUFZkV3dXMTRNV2xHdzc1cWlaN1RZCjhXUzZ0eWdyRGFaa1dIRTBWa2ZIY1p1V2ZaNm45SGcydkNraUhQTVZOYVhKcWxXSjlreXJNaVpoMWpBL0luUDIKcUdyL1UyT3oxWmhXbHk3cG9lRENXL1N6NVJRTm5CM1ZIMk90cWVvenE0b1BBMzhMMitqbHNNZE9QQThLamZHTwpwbjlZNTNrRU03R1NuMlFTQU5xTHM5YkV3ZEFRVmF4N3dTa3BRci9WMC9PZXp3MnVZNTRZbG94YVNZa2Y1WkhMCndiTEZaOGkxeGVjelhEZGQxMkZ4c1M5QVk5NytKUTVLVGttbkl1eUpIeGtoQWdNQkFBR2pRakJBTUE0R0ExVWQKRHdFQi93UUVBd0lDQkRBUEJnTlZIUk1CQWY4RUJUQURBUUgvTUIwR0ExVWREZ1FXQkJRRjhXSnR2Wm1SZXRFbgpESnVIaFBxalpSYm16VEFOQmdrcWhraUc5dzBCQVFzRkFBT0NBUUVBYTJvNFNqTHlQbitTK2ZacGRHbis2K0hFCjgwTC96SmlreitUbEdRYUd3TnI5bEhBUlJVRmlaZHN1dGYxbGoyLzg0U0RjWE1maS9OUGhPYUYrcHdGdlNWNGQKZUJCY2hVRjQrdnlpM2hDZmRnVEpNZFV3bEJJU3pqK3pIelhNY3NVTTg3MTAwUUduQ0Z2UWltcjZYNk02TjBLcgpKQ2xuVWdBVkpjOVNyUUdPeWpxb2lFWndEa3FQdHZmclN1Qnh3MnhIK08xcmNaay9NeVF3T3kxS1NJNXdORVIvClUxZDdhQUxlRFhWTElHcThQUmRMN0RqSFdCeGdvSmpXNmttbUJYQjdWZzZyclRJV0hzb01xY2Q3NkFPR2pUYjAKcXI5RU9LS1BHSzhIT25uUjY4T015MVZNZ1VMTzBPUWt0RzFtMGR4YmhqbStoZlptSy96dmYxUVA2VlVTVmc9PQotLS0tLUVORCBDRVJUSUZJQ0FURS0tLS0tCg==",
                "password": "",
                "username": ""
              }
            ],
            "master_authorized_networks_config": [],
            "master_version": "1.20.8-gke.900",
            "min_master_version": null,
            "monitoring_service": "monitoring.googleapis.com/kubernetes",
            "name": "gke-sunrise-devops",
            "network": "projects/sunrise-devops/global/networks/vpc-sunrise-devops",
            "network_policy": [
              {
                "enabled": false,
                "provider": "PROVIDER_UNSPECIFIED"
              }
            ],
            "networking_mode": "ROUTES",
            "node_config": [
              {
                "disk_size_gb": 100,
                "disk_type": "pd-standard",
                "guest_accelerator": [],
                "image_type": "COS_CONTAINERD",
                "labels": {
                  "env": "sunrise-devops"
                },
                "local_ssd_count": 0,
                "machine_type": "e2-standard-2",
                "metadata": {
                  "disable-legacy-endpoints": "true"
                },
                "min_cpu_platform": "",
                "oauth_scopes": [
                  "https://www.googleapis.com/auth/cloud-platform",
                  "https://www.googleapis.com/auth/logging.write",
                  "https://www.googleapis.com/auth/monitoring"
                ],
                "preemptible": false,
                "service_account": "default",
                "shielded_instance_config": [
                  {
                    "enable_integrity_monitoring": true,
                    "enable_secure_boot": false
                  }
                ],
                "tags": [
                  "gke-node",
                  "gke-sunrise-devops"
                ],
                "taint": [],
                "workload_metadata_config": []
              }
            ],
            "node_locations": [
              "europe-west6-a"
            ],
            "node_pool": [
              {
                "autoscaling": [
                  {
                    "max_node_count": 2,
                    "min_node_count": 1
                  }
                ],
                "initial_node_count": 1,
                "instance_group_urls": [
                  "https://www.googleapis.com/compute/v1/projects/sunrise-devops/zones/europe-west6-a/instanceGroupManagers/gke-gke-sunrise-devo-node-pool-gke-su-a6e49e89-grp"
                ],
                "management": [
                  {
                    "auto_repair": true,
                    "auto_upgrade": true
                  }
                ],
                "max_pods_per_node": 0,
                "name": "node-pool-gke-sunrise-devops",
                "name_prefix": "",
                "node_config": [
                  {
                    "disk_size_gb": 100,
                    "disk_type": "pd-standard",
                    "guest_accelerator": [],
                    "image_type": "COS_CONTAINERD",
                    "labels": {
                      "env": "sunrise-devops"
                    },
                    "local_ssd_count": 0,
                    "machine_type": "e2-standard-2",
                    "metadata": {
                      "disable-legacy-endpoints": "true"
                    },
                    "min_cpu_platform": "",
                    "oauth_scopes": [
                      "https://www.googleapis.com/auth/cloud-platform",
                      "https://www.googleapis.com/auth/logging.write",
                      "https://www.googleapis.com/auth/monitoring"
                    ],
                    "preemptible": false,
                    "service_account": "default",
                    "shielded_instance_config": [
                      {
                        "enable_integrity_monitoring": true,
                        "enable_secure_boot": false
                      }
                    ],
                    "tags": [
                      "gke-node",
                      "gke-sunrise-devops"
                    ],
                    "taint": [],
                    "workload_metadata_config": []
                  }
                ],
                "node_count": 1,
                "node_locations": [
                  "europe-west6-a"
                ],
                "upgrade_settings": [
                  {
                    "max_surge": 1,
                    "max_unavailable": 0
                  }
                ],
                "version": "1.20.8-gke.900"
              }
            ],
            "node_version": "1.20.8-gke.900",
            "operation": null,
            "pod_security_policy_config": [],
            "private_cluster_config": [],
            "private_ipv6_google_access": "",
            "project": "sunrise-devops",
            "release_channel": [
              {
                "channel": "REGULAR"
              }
            ],
            "remove_default_node_pool": true,
            "resource_labels": {},
            "resource_usage_export_config": [],
            "self_link": "https://container.googleapis.com/v1beta1/projects/sunrise-devops/locations/europe-west6/clusters/gke-sunrise-devops",
            "services_ipv4_cidr": "10.35.240.0/20",
            "subnetwork": "projects/sunrise-devops/regions/europe-west6/subnetworks/subnet-sunrise-devops",
            "timeouts": null,
            "tpu_ipv4_cidr_block": "",
            "vertical_pod_autoscaling": [],
            "workload_identity_config": []
          },
          "sensitive_attributes": [],
          "private": "eyJlMmJmYjczMC1lY2FhLTExZTYtOGY4OC0zNDM2M2JjN2M0YzAiOnsiY3JlYXRlIjoyNDAwMDAwMDAwMDAwLCJkZWxldGUiOjI0MDAwMDAwMDAwMDAsInJlYWQiOjI0MDAwMDAwMDAwMDAsInVwZGF0ZSI6MzYwMDAwMDAwMDAwMH0sInNjaGVtYV92ZXJzaW9uIjoiMSJ9",
          "dependencies": [
            "google_compute_subnetwork.subnet",
            "google_compute_network.vpc"
          ]
        }
      ]
    },
    {
      "mode": "managed",
      "type": "google_container_node_pool",
      "name": "primary_nodes",
      "provider": "provider[\"registry.terraform.io/hashicorp/google\"]",
      "instances": [
        {
          "schema_version": 1,
          "attributes": {
            "autoscaling": [
              {
                "max_node_count": 2,
                "min_node_count": 1
              }
            ],
            "cluster": "gke-sunrise-devops",
            "id": "projects/sunrise-devops/locations/europe-west6/clusters/gke-sunrise-devops/nodePools/node-pool-gke-sunrise-devops",
            "initial_node_count": 1,
            "instance_group_urls": [
              "https://www.googleapis.com/compute/v1/projects/sunrise-devops/zones/europe-west6-a/instanceGroupManagers/gke-gke-sunrise-devo-node-pool-gke-su-a6e49e89-grp"
            ],
            "location": "europe-west6",
            "management": [
              {
                "auto_repair": true,
                "auto_upgrade": true
              }
            ],
            "max_pods_per_node": null,
            "name": "node-pool-gke-sunrise-devops",
            "name_prefix": "",
            "node_config": [
              {
                "disk_size_gb": 100,
                "disk_type": "pd-standard",
                "guest_accelerator": [],
                "image_type": "COS_CONTAINERD",
                "labels": {
                  "env": "sunrise-devops"
                },
                "local_ssd_count": 0,
                "machine_type": "e2-standard-2",
                "metadata": {
                  "disable-legacy-endpoints": "true"
                },
                "min_cpu_platform": "",
                "oauth_scopes": [
                  "https://www.googleapis.com/auth/cloud-platform",
                  "https://www.googleapis.com/auth/logging.write",
                  "https://www.googleapis.com/auth/monitoring"
                ],
                "preemptible": false,
                "service_account": "default",
                "shielded_instance_config": [
                  {
                    "enable_integrity_monitoring": true,
                    "enable_secure_boot": false
                  }
                ],
                "tags": [
                  "gke-node",
                  "gke-sunrise-devops"
                ],
                "taint": [],
                "workload_metadata_config": []
              }
            ],
            "node_count": 1,
            "node_locations": [
              "europe-west6-a"
            ],
            "operation": null,
            "project": "sunrise-devops",
            "timeouts": null,
            "upgrade_settings": [
              {
                "max_surge": 1,
                "max_unavailable": 0
              }
            ],
            "version": "1.20.8-gke.900"
          },
          "sensitive_attributes": [],
          "private": "eyJlMmJmYjczMC1lY2FhLTExZTYtOGY4OC0zNDM2M2JjN2M0YzAiOnsiY3JlYXRlIjoxODAwMDAwMDAwMDAwLCJkZWxldGUiOjE4MDAwMDAwMDAwMDAsInVwZGF0ZSI6MTgwMDAwMDAwMDAwMH0sInNjaGVtYV92ZXJzaW9uIjoiMSJ9",
          "dependencies": [
            "google_container_cluster.primary",
            "google_compute_network.vpc",
            "google_compute_subnetwork.subnet"
          ]
        }
      ]
    }
  ]
}
